{
  "name": "gatsby-remark-embed-youtube",
  "requires": true,
  "lockfileVersion": 1,
  "dependencies": {
    "object-assign": {
      "version": "4.1.1",
      "resolved":
        "https://registry.npmjs.org/object-assign/-/object-assign-4.1.1.tgz",
      "integrity": "sha1-IQmtx5ZYh8/AXLvUQsrIv7s2CGM="
    },
    "unist-util-map": {
      "version": "1.0.3",
      "resolved":
        "https://registry.npmjs.org/unist-util-map/-/unist-util-map-1.0.3.tgz",
      "integrity": "sha1-JqkT183bPNPpqIbRNdN6PR9U5RQ=",
      "requires": {
        "object-assign": "4.1.1"
      }
    }
  }
}
